// !$*UTF8*$!
{
	archiveVersion = 1;
	classes = {
	};
	objectVersion = 55;
	objects = {

/* Begin PBXBuildFile section */
		AA360F41282BDDCD00A9BCC3 /* Shogi686MicroiOSApp.swift in Sources */ = {isa = PBXBuildFile; fileRef = AA360F40282BDDCD00A9BCC3 /* Shogi686MicroiOSApp.swift */; };
		AA360F43282BDDCD00A9BCC3 /* ContentView.swift in Sources */ = {isa = PBXBuildFile; fileRef = AA360F42282BDDCD00A9BCC3 /* ContentView.swift */; };
		AA360F45282BDDD000A9BCC3 /* Assets.xcassets in Resources */ = {isa = PBXBuildFile; fileRef = AA360F44282BDDD000A9BCC3 /* Assets.xcassets */; };
		AA360F48282BDDD000A9BCC3 /* Preview Assets.xcassets in Resources */ = {isa = PBXBuildFile; fileRef = AA360F47282BDDD000A9BCC3 /* Preview Assets.xcassets */; };
		AA360F51282BDE0100A9BCC3 /* micro.cpp in Sources */ = {isa = PBXBuildFile; fileRef = AA360F4F282BDE0100A9BCC3 /* micro.cpp */; };
/* End PBXBuildFile section */

/* Begin PBXFileReference section */
		AA360F3D282BDDCD00A9BCC3 /* Shogi686MicroiOS.app */ = {isa = PBXFileReference; explicitFileType = wrapper.application; includeInIndex = 0; path = Shogi686MicroiOS.app; sourceTree = BUILT_PRODUCTS_DIR; };
		AA360F40282BDDCD00A9BCC3 /* Shogi686MicroiOSApp.swift */ = {isa = PBXFileReference; lastKnownFileType = sourcecode.swift; path = Shogi686MicroiOSApp.swift; sourceTree = "<group>"; };
		AA360F42282BDDCD00A9BCC3 /* ContentView.swift */ = {isa = PBXFileReference; lastKnownFileType = sourcecode.swift; path = ContentView.swift; sourceTree = "<group>"; };
		AA360F44282BDDD000A9BCC3 /* Assets.xcassets */ = {isa = PBXFileReference; lastKnownFileType = folder.assetcatalog; path = Assets.xcassets; sourceTree = "<group>"; };
		AA360F47282BDDD000A9BCC3 /* Preview Assets.xcassets */ = {isa = PBXFileReference; lastKnownFileType = folder.assetcatalog; path = "Preview Assets.xcassets"; sourceTree = "<group>"; };
		AA360F4E282BDE0000A9BCC3 /* Shogi686MicroiOS-Bridging-Header.h */ = {isa = PBXFileReference; lastKnownFileType = sourcecode.c.h; path = "Shogi686MicroiOS-Bridging-Header.h"; sourceTree = "<group>"; };
		AA360F4F282BDE0100A9BCC3 /* micro.cpp */ = {isa = PBXFileReference; lastKnownFileType = sourcecode.cpp.cpp; path = micro.cpp; sourceTree = "<group>"; };
		AA360F50282BDE0100A9BCC3 /* micro.hpp */ = {isa = PBXFileReference; lastKnownFileType = sourcecode.cpp.h; path = micro.hpp; sourceTree = "<group>"; };
/* End PBXFileReference section */

/* Begin PBXFrameworksBuildPhase section */
		AA360F3A282BDDCD00A9BCC3 /* Frameworks */ = {
			isa = PBXFrameworksBuildPhase;
			buildActionMask = 2147483647;
			files = (
			);
			runOnlyForDeploymentPostprocessing = 0;
		};
/* End PBXFrameworksBuildPhase section */

/* Begin PBXGroup section */
		AA360F34282BDDCD00A9BCC3 = {
			isa = PBXGroup;
			children = (
				AA360F3F282BDDCD00A9BCC3 /* Shogi686MicroiOS */,
				AA360F3E282BDDCD00A9BCC3 /* Products */,
			);
			sourceTree = "<group>";
		};
		AA360F3E282BDDCD00A9BCC3 /* Products */ = {
			isa = PBXGroup;
			children = (
				AA360F3D282BDDCD00A9BCC3 /* Shogi686MicroiOS.app */,
			);
			name = Products;
			sourceTree = "<group>";
		};
		AA360F3F282BDDCD00A9BCC3 /* Shogi686MicroiOS */ = {
			isa = PBXGroup;
			children = (
				AA360F40282BDDCD00A9BCC3 /* Shogi686MicroiOSApp.swift */,
				AA360F42282BDDCD00A9BCC3 /* ContentView.swift */,
				AA360F44282BDDD000A9BCC3 /* Assets.xcassets */,
				AA360F46282BDDD000A9BCC3 /* Preview Content */,
				AA360F4F282BDE0100A9BCC3 /* micro.cpp */,
				AA360F50282BDE0100A9BCC3 /* micro.hpp */,
				AA360F4E282BDE0000A9BCC3 /* Shogi686MicroiOS-Bridging-Header.h */,
			);
			path = Shogi686MicroiOS;
			sourceTree = "<group>";
		};
		AA360F46282BDDD000A9BCC3 /* Preview Content */ = {
			isa = PBXGroup;
			children = (
				AA360F47282BDDD000A9BCC3 /* Preview Assets.xcassets */,
			);
			path = "Preview Content";
			sourceTree = "<group>";
		};
/* End PBXGroup section */

/* Begin PBXNativeTarget section */
		AA360F3C282BDDCD00A9BCC3 /* Shogi686MicroiOS */ = {
			isa = PBXNativeTarget;
			buildConfigurationList = AA360F4B282BDDD000A9BCC3 /* Build configuration list for PBXNativeTarget "Shogi686MicroiOS" */;
			buildPhases = (
				AA360F39282BDDCD00A9BCC3 /* Sources */,
				AA360F3A282BDDCD00A9BCC3 /* Frameworks */,
				AA360F3B282BDDCD00A9BCC3 /* Resources */,
			);
			buildRules = (
			);
			dependencies = (
			);
			name = Shogi686MicroiOS;
			productName = Shogi686MicroiOS;
			productReference = AA360F3D282BDDCD00A9BCC3 /* Shogi686MicroiOS.app */;
			productType = "com.apple.product-type.application";
		};
/* End PBXNativeTarget section */

/* Begin PBXProject section */
		AA360F35282BDDCD00A9BCC3 /* Project object */ = {
			isa = PBXProject;
			attributes = {
				BuildIndependentTargetsInParallel = 1;
				LastSwiftUpdateCheck = 1330;
				LastUpgradeCheck = 1330;
				TargetAttributes = {
					AA360F3C282BDDCD00A9BCC3 = {
						CreatedOnToolsVersion = 13.3.1;
						LastSwiftMigration = 1330;
					};
				};
			};
			buildConfigurationList = AA360F38282BDDCD00A9BCC3 /* Build configuration list for PBXProject "Shogi686MicroiOS" */;
			compatibilityVersion = "Xcode 13.0";
			developmentRegion = en;
			hasScannedForEncodings = 0;
			knownRegions = (
				en,
				Base,
			);
			mainGroup = AA360F34282BDDCD00A9BCC3;
			productRefGroup = AA360F3E282BDDCD00A9BCC3 /* Products */;
			projectDirPath = "";
			projectRoot = "";
			targets = (
				AA360F3C282BDDCD00A9BCC3 /* Shogi686MicroiOS */,
			);
		};
/* End PBXProject section */

/* Begin PBXResourcesBuildPhase section */
		AA360F3B282BDDCD00A9BCC3 /* Resources */ = {
			isa = PBXResourcesBuildPhase;
			buildActionMask = 2147483647;
			files = (
				AA360F48282BDDD000A9BCC3 /* Preview Assets.xcassets in Resources */,
				AA360F45282BDDD000A9BCC3 /* Assets.xcassets in Resources */,
			);
			runOnlyForDeploymentPostprocessing = 0;
		};
/* End PBXResourcesBuildPhase section */

/* Begin PBXSourcesBuildPhase section */
		AA360F39282BDDCD00A9BCC3 /* Sources */ = {
			isa = PBXSourcesBuildPhase;
			buildActionMask = 2147483647;
			files = (
				AA360F43282BDDCD00A9BCC3 /* ContentView.swift in Sources */,
				AA360F41282BDDCD00A9BCC3 /* Shogi686MicroiOSApp.swift in Sources */,
				AA360F51282BDE0100A9BCC3 /* micro.cpp in Sources */,
			);
			runOnlyForDeploymentPostprocessing = 0;
		};
/* End PBXSourcesBuildPhase section */

/* Begin XCBuildConfiguration section */
		AA360F49282BDDD000A9BCC3 /* Debug */ = {
			isa = XCBuildConfiguration;
			buildSettings = {
				ALWAYS_SEARCH_USER_PATHS = NO;
				CLANG_ANALYZER_NONNULL = YES;
				CLANG_ANALYZER_NUMBER_OBJECT_CONVERSION = YES_AGGRESSIVE;
				CLANG_CXX_LANGUAGE_STANDARD = "gnu++17";
				CLANG_ENABLE_MODULES = YES;
				CLANG_ENABLE_OBJC_ARC = YES;
				CLANG_ENABLE_OBJC_WEAK = YES;
				CLANG_WARN_BLOCK_CAPTURE_AUTORELEASING = YES;
				CLANG_WARN_BOOL_CONVERSION = YES;
				CLANG_WARN_COMMA = YES;
				CLANG_WARN_CONSTANT_CONVERSION = YES;
				CLANG_WARN_DEPRECATED_OBJC_IMPLEMENTATIONS = YES;
				CLANG_WARN_DIRECT_OBJC_ISA_USAGE = YES_ERROR;
				CLANG_WARN_DOCUMENTATION_COMMENTS = YES;
				CLANG_WARN_EMPTY_BODY = YES;
				CLANG_WARN_ENUM_CONVERSION = YES;
				CLANG_WARN_INFINITE_RECURSION = YES;
				CLANG_WARN_INT_CONVERSION = YES;
				CLANG_WARN_NON_LITERAL_NULL_CONVERSION = YES;
				CLANG_WARN_OBJC_IMPLICIT_RETAIN_SELF = YES;
				CLANG_WARN_OBJC_LITERAL_CONVERSION = YES;
				CLANG_WARN_OBJC_ROOT_CLASS = YES_ERROR;
				CLANG_WARN_QUOTED_INCLUDE_IN_FRAMEWORK_HEADER = YES;
				CLANG_WARN_RANGE_LOOP_ANALYSIS = YES;
				CLANG_WARN_STRICT_PROTOTYPES = YES;
				CLANG_WARN_SUSPICIOUS_MOVE = YES;
				CLANG_WARN_UNGUARDED_AVAILABILITY = YES_AGGRESSIVE;
				CLANG_WARN_UNREACHABLE_CODE = YES;
				CLANG_WARN__DUPLICATE_METHOD_MATCH = YES;
				COPY_PHASE_STRIP = NO;
				DEBUG_INFORMATION_FORMAT = dwarf;
				ENABLE_STRICT_OBJC_MSGSEND = YES;
				ENABLE_TESTABILITY = YES;
				GCC_C_LANGUAGE_STANDARD = gnu11;
				GCC_DYNAMIC_NO_PIC = NO;
				GCC_NO_COMMON_BLOCKS = YES;
				GCC_OPTIMIZATION_LEVEL = 0;
				GCC_PREPROCESSOR_DEFINITIONS = (
					"DEBUG=1",
					"$(inherited)",
				);
				GCC_WARN_64_TO_32_BIT_CONVERSION = YES;
				GCC_WARN_ABOUT_RETURN_TYPE = YES_ERROR;
				GCC_WARN_UNDECLARED_SELECTOR = YES;
				GCC_WARN_UNINITIALIZED_AUTOS = YES_AGGRESSIVE;
				GCC_WARN_UNUSED_FUNCTION = YES;
				GCC_WARN_UNUSED_VARIABLE = YES;
				IPHONEOS_DEPLOYMENT_TARGET = 15.4;
				MTL_ENABLE_DEBUG_INFO = INCLUDE_SOURCE;
				MTL_FAST_MATH = YES;
				ONLY_ACTIVE_ARCH = YES;
				SDKROOT = iphoneos;
				SWIFT_ACTIVE_COMPILATION_CONDITIONS = DEBUG;
				SWIFT_OPTIMIZATION_LEVEL = "-Onone";
			};
			name = Debug;
		};
		AA360F4A282BDDD000A9BCC3 /* Release */ = {
			isa = XCBuildConfiguration;
			buildSettings = {
				ALWAYS_SEARCH_USER_PATHS = NO;
				CLANG_ANALYZER_NONNULL = YES;
				CLANG_ANALYZER_NUMBER_OBJECT_CONVERSION = YES_AGGRESSIVE;
				CLANG_CXX_LANGUAGE_STANDARD = "gnu++17";
				CLANG_ENABLE_MODULES = YES;
				CLANG_ENABLE_OBJC_ARC = YES;
				CLANG_ENABLE_OBJC_WEAK = YES;
				CLANG_WARN_BLOCK_CAPTURE_AUTORELEASING = YES;
				CLANG_WARN_BOOL_CONVERSION = YES;
				CLANG_WARN_COMMA = YES;
				CLANG_WARN_CONSTANT_CONVERSION = YES;
				CLANG_WARN_DEPRECATED_OBJC_IMPLEMENTATIONS = YES;
				CLANG_WARN_DIRECT_OBJC_ISA_USAGE = YES_ERROR;
				CLANG_WARN_DOCUMENTATION_COMMENTS = YES;
				CLANG_WARN_EMPTY_BODY = YES;
				CLANG_WARN_ENUM_CONVERSION = YES;
				CLANG_WARN_INFINITE_RECURSION = YES;
				CLANG_WARN_INT_CONVERSION = YES;
				CLANG_WARN_NON_LITERAL_NULL_CONVERSION = YES;
				CLANG_WARN_OBJC_IMPLICIT_RETAIN_SELF = YES;
				CLANG_WARN_OBJC_LITERAL_CONVERSION = YES;
				CLANG_WARN_OBJC_ROOT_CLASS = YES_ERROR;
				CLANG_WARN_QUOTED_INCLUDE_IN_FRAMEWORK_HEADER = YES;
				CLANG_WARN_RANGE_LOOP_ANALYSIS = YES;
				CLANG_WARN_STRICT_PROTOTYPES = YES;
				CLANG_WARN_SUSPICIOUS_MOVE = YES;
				CLANG_WARN_UNGUARDED_AVAILABILITY = YES_AGGRESSIVE;
				CLANG_WARN_UNREACHABLE_CODE = YES;
				CLANG_WARN__DUPLICATE_METHOD_MATCH = YES;
				COPY_PHASE_STRIP = NO;
				DEBUG_INFORMATION_FORMAT = "dwarf-with-dsym";
				ENABLE_NS_ASSERTIONS = NO;
				ENABLE_STRICT_OBJC_MSGSEND = YES;
				GCC_C_LANGUAGE_STANDARD = gnu11;
				GCC_NO_COMMON_BLOCKS = YES;
				GCC_WARN_64_TO_32_BIT_CONVERSION = YES;
				GCC_WARN_ABOUT_RETURN_TYPE = YES_ERROR;
				GCC_WARN_UNDECLARED_SELECTOR = YES;
				GCC_WARN_UNINITIALIZED_AUTOS = YES_AGGRESSIVE;
				GCC_WARN_UNUSED_FUNCTION = YES;
				GCC_WARN_UNUSED_VARIABLE = YES;
				IPHONEOS_DEPLOYMENT_TARGET = 15.4;
				MTL_ENABLE_DEBUG_INFO = NO;
				MTL_FAST_MATH = YES;
				SDKROOT = iphoneos;
				SWIFT_COMPILATION_MODE = wholemodule;
				SWIFT_OPTIMIZATION_LEVEL = "-O";
				VALIDATE_PRODUCT = YES;
			};
			name = Release;
		};
		AA360F4C282BDDD000A9BCC3 /* Debug */ = {
			isa = XCBuildConfiguration;
			buildSettings = {
				ASSETCATALOG_COMPILER_APPICON_NAME = AppIcon;
				ASSETCATALOG_COMPILER_GLOBAL_ACCENT_COLOR_NAME = AccentColor;
				CLANG_ENABLE_MODULES = YES;
				CODE_SIGN_STYLE = Automatic;
				CURRENT_PROJECT_VERSION = 1;
				DEVELOPMENT_ASSET_PATHS = "\"Shogi686MicroiOS/Preview Content\"";
				DEVELOPMENT_TEAM = 26639CRUMF;
				ENABLE_PREVIEWS = YES;
				GENERATE_INFOPLIST_FILE = YES;
				INFOPLIST_KEY_UIApplicationSceneManifest_Generation = YES;
				INFOPLIST_KEY_UIApplicationSupportsIndirectInputEvents = YES;
				INFOPLIST_KEY_UILaunchScreen_Generation = YES;
				INFOPLIST_KEY_UISupportedInterfaceOrientations_iPad = "UIInterfaceOrientationPortrait UIInterfaceOrientationPortraitUpsideDown UIInterfaceOrientationLandscapeLeft UIInterfaceOrientationLandscapeRight";
				INFOPLIST_KEY_UISupportedInterfaceOrientations_iPhone = "UIInterfaceOrientationPortrait UIInterfaceOrientationLandscapeLeft UIInterfaceOrientationLandscapeRight";
				LD_RUNPATH_SEARCH_PATHS = (
					"$(inherited)",
					"@executable_path/Frameworks",
				);
				MARKETING_VERSION = 1.0;
				PRODUCT_BUNDLE_IDENTIFIER = jp.outlook.select766.Shogi686MicroiOS;
				PRODUCT_NAME = "$(TARGET_NAME)";
				SWIFT_EMIT_LOC_STRINGS = YES;
				SWIFT_OBJC_BRIDGING_HEADER = "Shogi686MicroiOS/Shogi686MicroiOS-Bridging-Header.h";
				SWIFT_OPTIMIZATION_LEVEL = "-Onone";
				SWIFT_VERSION = 5.0;
				TARGETED_DEVICE_FAMILY = "1,2";
			};
			name = Debug;
		};
		AA360F4D282BDDD000A9BCC3 /* Release */ = {
			isa = XCBuildConfiguration;
			buildSettings = {
				ASSETCATALOG_COMPILER_APPICON_NAME = AppIcon;
				ASSETCATALOG_COMPILER_GLOBAL_ACCENT_COLOR_NAME = AccentColor;
				CLANG_ENABLE_MODULES = YES;
				CODE_SIGN_STYLE = Automatic;
				CURRENT_PROJECT_VERSION = 1;
				DEVELOPMENT_ASSET_PATHS = "\"Shogi686MicroiOS/Preview Content\"";
				DEVELOPMENT_TEAM = 26639CRUMF;
				ENABLE_PREVIEWS = YES;
				GENERATE_INFOPLIST_FILE = YES;
				INFOPLIST_KEY_UIApplicationSceneManifest_Generation = YES;
				INFOPLIST_KEY_UIApplicationSupportsIndirectInputEvents = YES;
				INFOPLIST_KEY_UILaunchScreen_Generation = YES;
				INFOPLIST_KEY_UISupportedInterfaceOrientations_iPad = "UIInterfaceOrientationPortrait UIInterfaceOrientationPortraitUpsideDown UIInterfaceOrientationLandscapeLeft UIInterfaceOrientationLandscapeRight";
				INFOPLIST_KEY_UISupportedInterfaceOrientations_iPhone = "UIInterfaceOrientationPortrait UIInterfaceOrientationLandscapeLeft UIInterfaceOrientationLandscapeRight";
				LD_RUNPATH_SEARCH_PATHS = (
					"$(inherited)",
					"@executable_path/Frameworks",
				);
				MARKETING_VERSION = 1.0;
				PRODUCT_BUNDLE_IDENTIFIER = jp.outlook.select766.Shogi686MicroiOS;
				PRODUCT_NAME = "$(TARGET_NAME)";
				SWIFT_EMIT_LOC_STRINGS = YES;
				SWIFT_OBJC_BRIDGING_HEADER = "Shogi686MicroiOS/Shogi686MicroiOS-Bridging-Header.h";
				SWIFT_VERSION = 5.0;
				TARGETED_DEVICE_FAMILY = "1,2";
			};
			name = Release;
		};
/* End XCBuildConfiguration section */

/* Begin XCConfigurationList section */
		AA360F38282BDDCD00A9BCC3 /* Build configuration list for PBXProject "Shogi686MicroiOS" */ = {
			isa = XCConfigurationList;
			buildConfigurations = (
				AA360F49282BDDD000A9BCC3 /* Debug */,
				AA360F4A282BDDD000A9BCC3 /* Release */,
			);
			defaultConfigurationIsVisible = 0;
			defaultConfigurationName = Release;
		};
		AA360F4B282BDDD000A9BCC3 /* Build configuration list for PBXNativeTarget "Shogi686MicroiOS" */ = {
			isa = XCConfigurationList;
			buildConfigurations = (
				AA360F4C282BDDD000A9BCC3 /* Debug */,
				AA360F4D282BDDD000A9BCC3 /* Release */,
			);
			defaultConfigurationIsVisible = 0;
			defaultConfigurationName = Release;
		};
/* End XCConfigurationList section */
	};
	rootObject = AA360F35282BDDCD00A9BCC3 /* Project object */;
}
